// !$*UTF8*$!
{
	archiveVersion = 1;
	classes = {
	};
	objectVersion = 55;
	objects = {

/* Begin PBXBuildFile section */
		0413878527903C1B00D5A3C7 /* CurrencyDetailViewController.swift in Sources */ = {isa = PBXBuildFile; fileRef = 0413878427903C1B00D5A3C7 /* CurrencyDetailViewController.swift */; };
		046CF9152792FD6700D004F9 /* DetailTableViewCell.swift in Sources */ = {isa = PBXBuildFile; fileRef = 046CF9142792FD6700D004F9 /* DetailTableViewCell.swift */; };
		0471B9ED27945E2D00DB91EC /* ViewControllerView.swift in Sources */ = {isa = PBXBuildFile; fileRef = 0471B9EC27945E2D00DB91EC /* ViewControllerView.swift */; };
		0471B9EF279461C100DB91EC /* Constants.swift in Sources */ = {isa = PBXBuildFile; fileRef = 0471B9EE279461C100DB91EC /* Constants.swift */; };
		047CAF8327902FEC00B8DB60 /* CurrencyTableViewCell.swift in Sources */ = {isa = PBXBuildFile; fileRef = 047CAF8227902FEC00B8DB60 /* CurrencyTableViewCell.swift */; };
		04B451FB278F4195001D1CD3 /* AppDelegate.swift in Sources */ = {isa = PBXBuildFile; fileRef = 04B451FA278F4195001D1CD3 /* AppDelegate.swift */; };
		04B451FD278F4195001D1CD3 /* SceneDelegate.swift in Sources */ = {isa = PBXBuildFile; fileRef = 04B451FC278F4195001D1CD3 /* SceneDelegate.swift */; };
		04B451FF278F4195001D1CD3 /* ViewController.swift in Sources */ = {isa = PBXBuildFile; fileRef = 04B451FE278F4195001D1CD3 /* ViewController.swift */; };
		04B45202278F4195001D1CD3 /* Main.storyboard in Resources */ = {isa = PBXBuildFile; fileRef = 04B45200278F4195001D1CD3 /* Main.storyboard */; };
		04B45204278F4196001D1CD3 /* Assets.xcassets in Resources */ = {isa = PBXBuildFile; fileRef = 04B45203278F4196001D1CD3 /* Assets.xcassets */; };
		04B45207278F4196001D1CD3 /* LaunchScreen.storyboard in Resources */ = {isa = PBXBuildFile; fileRef = 04B45205278F4196001D1CD3 /* LaunchScreen.storyboard */; };
		04B4520F278F4788001D1CD3 /* APICaller.swift in Sources */ = {isa = PBXBuildFile; fileRef = 04B4520E278F4788001D1CD3 /* APICaller.swift */; };
		04B45212278F49E3001D1CD3 /* Models.swift in Sources */ = {isa = PBXBuildFile; fileRef = 04B45211278F49E3001D1CD3 /* Models.swift */; };
		04C07E862794A0290081C8ED /* CurrencyTableViewCellView.swift in Sources */ = {isa = PBXBuildFile; fileRef = 04C07E852794A0290081C8ED /* CurrencyTableViewCellView.swift */; };
		04C07E882794A3250081C8ED /* CurrencyDetailViewControllerView.swift in Sources */ = {isa = PBXBuildFile; fileRef = 04C07E872794A3250081C8ED /* CurrencyDetailViewControllerView.swift */; };
		04C07E8A2794A4AF0081C8ED /* DateHelpers.swift in Sources */ = {isa = PBXBuildFile; fileRef = 04C07E892794A4AF0081C8ED /* DateHelpers.swift */; };
		04C07E8C2794A57B0081C8ED /* CurrencyDetailViewControllerErrors.swift in Sources */ = {isa = PBXBuildFile; fileRef = 04C07E8B2794A57B0081C8ED /* CurrencyDetailViewControllerErrors.swift */; };
		04FF343327921C48003EED5E /* AllertCreator.swift in Sources */ = {isa = PBXBuildFile; fileRef = 04FF343227921C48003EED5E /* AllertCreator.swift */; };
		11FD57B8CCF8CF3AEFF5371B /* Pods_NPB.framework in Frameworks */ = {isa = PBXBuildFile; fileRef = EB2E376898CE6F8697FBCA84 /* Pods_NPB.framework */; };
/* End PBXBuildFile section */

/* Begin PBXFileReference section */
		0413878427903C1B00D5A3C7 /* CurrencyDetailViewController.swift */ = {isa = PBXFileReference; lastKnownFileType = sourcecode.swift; path = CurrencyDetailViewController.swift; sourceTree = "<group>"; };
		046CF9142792FD6700D004F9 /* DetailTableViewCell.swift */ = {isa = PBXFileReference; lastKnownFileType = sourcecode.swift; path = DetailTableViewCell.swift; sourceTree = "<group>"; };
		0471B9EC27945E2D00DB91EC /* ViewControllerView.swift */ = {isa = PBXFileReference; lastKnownFileType = sourcecode.swift; path = ViewControllerView.swift; sourceTree = "<group>"; };
		0471B9EE279461C100DB91EC /* Constants.swift */ = {isa = PBXFileReference; lastKnownFileType = sourcecode.swift; path = Constants.swift; sourceTree = "<group>"; };
		047CAF8227902FEC00B8DB60 /* CurrencyTableViewCell.swift */ = {isa = PBXFileReference; lastKnownFileType = sourcecode.swift; path = CurrencyTableViewCell.swift; sourceTree = "<group>"; };
		04B451F7278F4195001D1CD3 /* NPB.app */ = {isa = PBXFileReference; explicitFileType = wrapper.application; includeInIndex = 0; path = NPB.app; sourceTree = BUILT_PRODUCTS_DIR; };
		04B451FA278F4195001D1CD3 /* AppDelegate.swift */ = {isa = PBXFileReference; lastKnownFileType = sourcecode.swift; path = AppDelegate.swift; sourceTree = "<group>"; };
		04B451FC278F4195001D1CD3 /* SceneDelegate.swift */ = {isa = PBXFileReference; lastKnownFileType = sourcecode.swift; path = SceneDelegate.swift; sourceTree = "<group>"; };
		04B451FE278F4195001D1CD3 /* ViewController.swift */ = {isa = PBXFileReference; lastKnownFileType = sourcecode.swift; path = ViewController.swift; sourceTree = "<group>"; };
		04B45201278F4195001D1CD3 /* Base */ = {isa = PBXFileReference; lastKnownFileType = file.storyboard; name = Base; path = Base.lproj/Main.storyboard; sourceTree = "<group>"; };
		04B45203278F4196001D1CD3 /* Assets.xcassets */ = {isa = PBXFileReference; lastKnownFileType = folder.assetcatalog; path = Assets.xcassets; sourceTree = "<group>"; };
		04B45206278F4196001D1CD3 /* Base */ = {isa = PBXFileReference; lastKnownFileType = file.storyboard; name = Base; path = Base.lproj/LaunchScreen.storyboard; sourceTree = "<group>"; };
		04B45208278F4196001D1CD3 /* Info.plist */ = {isa = PBXFileReference; lastKnownFileType = text.plist.xml; path = Info.plist; sourceTree = "<group>"; };
		04B4520E278F4788001D1CD3 /* APICaller.swift */ = {isa = PBXFileReference; lastKnownFileType = sourcecode.swift; path = APICaller.swift; sourceTree = "<group>"; };
		04B45211278F49E3001D1CD3 /* Models.swift */ = {isa = PBXFileReference; lastKnownFileType = sourcecode.swift; path = Models.swift; sourceTree = "<group>"; };
		04C07E852794A0290081C8ED /* CurrencyTableViewCellView.swift */ = {isa = PBXFileReference; lastKnownFileType = sourcecode.swift; path = CurrencyTableViewCellView.swift; sourceTree = "<group>"; };
		04C07E872794A3250081C8ED /* CurrencyDetailViewControllerView.swift */ = {isa = PBXFileReference; lastKnownFileType = sourcecode.swift; path = CurrencyDetailViewControllerView.swift; sourceTree = "<group>"; };
		04C07E892794A4AF0081C8ED /* DateHelpers.swift */ = {isa = PBXFileReference; lastKnownFileType = sourcecode.swift; path = DateHelpers.swift; sourceTree = "<group>"; };
		04C07E8B2794A57B0081C8ED /* CurrencyDetailViewControllerErrors.swift */ = {isa = PBXFileReference; lastKnownFileType = sourcecode.swift; path = CurrencyDetailViewControllerErrors.swift; sourceTree = "<group>"; };
		04FF343227921C48003EED5E /* AllertCreator.swift */ = {isa = PBXFileReference; lastKnownFileType = sourcecode.swift; path = AllertCreator.swift; sourceTree = "<group>"; };
		1330046AF07EFC112F4A85CF /* Pods-NPB.debug.xcconfig */ = {isa = PBXFileReference; includeInIndex = 1; lastKnownFileType = text.xcconfig; name = "Pods-NPB.debug.xcconfig"; path = "Target Support Files/Pods-NPB/Pods-NPB.debug.xcconfig"; sourceTree = "<group>"; };
		E6952D7F84D0CF70301EF855 /* Pods-NPB.release.xcconfig */ = {isa = PBXFileReference; includeInIndex = 1; lastKnownFileType = text.xcconfig; name = "Pods-NPB.release.xcconfig"; path = "Target Support Files/Pods-NPB/Pods-NPB.release.xcconfig"; sourceTree = "<group>"; };
		EB2E376898CE6F8697FBCA84 /* Pods_NPB.framework */ = {isa = PBXFileReference; explicitFileType = wrapper.framework; includeInIndex = 0; path = Pods_NPB.framework; sourceTree = BUILT_PRODUCTS_DIR; };
/* End PBXFileReference section */

/* Begin PBXFrameworksBuildPhase section */
		04B451F4278F4195001D1CD3 /* Frameworks */ = {
			isa = PBXFrameworksBuildPhase;
			buildActionMask = 2147483647;
			files = (
				11FD57B8CCF8CF3AEFF5371B /* Pods_NPB.framework in Frameworks */,
			);
			runOnlyForDeploymentPostprocessing = 0;
		};
/* End PBXFrameworksBuildPhase section */

/* Begin PBXGroup section */
		0471B9E827945C1300DB91EC /* Model */ = {
			isa = PBXGroup;
			children = (
				04B45211278F49E3001D1CD3 /* Models.swift */,
			);
			path = Model;
			sourceTree = "<group>";
		};
		0471B9E927945C1900DB91EC /* View */ = {
			isa = PBXGroup;
			children = (
				046CF9142792FD6700D004F9 /* DetailTableViewCell.swift */,
				0471B9EC27945E2D00DB91EC /* ViewControllerView.swift */,
				04C07E852794A0290081C8ED /* CurrencyTableViewCellView.swift */,
				04C07E872794A3250081C8ED /* CurrencyDetailViewControllerView.swift */,
			);
			path = View;
			sourceTree = "<group>";
		};
		0471B9EA27945C1E00DB91EC /* Controller */ = {
			isa = PBXGroup;
			children = (
				04B451FE278F4195001D1CD3 /* ViewController.swift */,
				047CAF8227902FEC00B8DB60 /* CurrencyTableViewCell.swift */,
				0413878427903C1B00D5A3C7 /* CurrencyDetailViewController.swift */,
				04C07E8B2794A57B0081C8ED /* CurrencyDetailViewControllerErrors.swift */,
			);
			path = Controller;
			sourceTree = "<group>";
		};
		0471B9EB27945C5A00DB91EC /* Helpers */ = {
			isa = PBXGroup;
			children = (
				04FF343227921C48003EED5E /* AllertCreator.swift */,
				0471B9EE279461C100DB91EC /* Constants.swift */,
				04C07E892794A4AF0081C8ED /* DateHelpers.swift */,
			);
			path = Helpers;
			sourceTree = "<group>";
		};
		04B451EE278F4195001D1CD3 = {
			isa = PBXGroup;
			children = (
				04B451F9278F4195001D1CD3 /* NPB */,
				04B451F8278F4195001D1CD3 /* Products */,
				CEB851C85BDA0E98C43ACF96 /* Pods */,
				E714EB6BDE145DDB0155ADD5 /* Frameworks */,
			);
			sourceTree = "<group>";
		};
		04B451F8278F4195001D1CD3 /* Products */ = {
			isa = PBXGroup;
			children = (
				04B451F7278F4195001D1CD3 /* NPB.app */,
			);
			name = Products;
			sourceTree = "<group>";
		};
		04B451F9278F4195001D1CD3 /* NPB */ = {
			isa = PBXGroup;
			children = (
				0471B9E827945C1300DB91EC /* Model */,
				0471B9E927945C1900DB91EC /* View */,
				0471B9EA27945C1E00DB91EC /* Controller */,
				0471B9EB27945C5A00DB91EC /* Helpers */,
				04C07E8427949FD10081C8ED /* Services */,
				04B451FA278F4195001D1CD3 /* AppDelegate.swift */,
				04B451FC278F4195001D1CD3 /* SceneDelegate.swift */,
				04B45203278F4196001D1CD3 /* Assets.xcassets */,
				04B45200278F4195001D1CD3 /* Main.storyboard */,
				04B45205278F4196001D1CD3 /* LaunchScreen.storyboard */,
				04B45208278F4196001D1CD3 /* Info.plist */,
			);
			path = NPB;
			sourceTree = "<group>";
		};
		04C07E8427949FD10081C8ED /* Services */ = {
			isa = PBXGroup;
			children = (
				04B4520E278F4788001D1CD3 /* APICaller.swift */,
			);
			path = Services;
			sourceTree = "<group>";
		};
		CEB851C85BDA0E98C43ACF96 /* Pods */ = {
			isa = PBXGroup;
			children = (
				1330046AF07EFC112F4A85CF /* Pods-NPB.debug.xcconfig */,
				E6952D7F84D0CF70301EF855 /* Pods-NPB.release.xcconfig */,
			);
			path = Pods;
			sourceTree = "<group>";
		};
		E714EB6BDE145DDB0155ADD5 /* Frameworks */ = {
			isa = PBXGroup;
			children = (
				EB2E376898CE6F8697FBCA84 /* Pods_NPB.framework */,
			);
			name = Frameworks;
			sourceTree = "<group>";
		};
/* End PBXGroup section */

/* Begin PBXNativeTarget section */
		04B451F6278F4195001D1CD3 /* NPB */ = {
			isa = PBXNativeTarget;
			buildConfigurationList = 04B4520B278F4196001D1CD3 /* Build configuration list for PBXNativeTarget "NPB" */;
			buildPhases = (
				CE574228461914F1B9C9F5BE /* [CP] Check Pods Manifest.lock */,
				04B451F3278F4195001D1CD3 /* Sources */,
				04B451F4278F4195001D1CD3 /* Frameworks */,
				04B451F5278F4195001D1CD3 /* Resources */,
				E7BB9EB50B41F86F89FFE8ED /* [CP] Embed Pods Frameworks */,
			);
			buildRules = (
			);
			dependencies = (
			);
			name = NPB;
			productName = NPB;
			productReference = 04B451F7278F4195001D1CD3 /* NPB.app */;
			productType = "com.apple.product-type.application";
		};
/* End PBXNativeTarget section */

/* Begin PBXProject section */
		04B451EF278F4195001D1CD3 /* Project object */ = {
			isa = PBXProject;
			attributes = {
				BuildIndependentTargetsInParallel = 1;
				LastSwiftUpdateCheck = 1310;
				LastUpgradeCheck = 1310;
				TargetAttributes = {
					04B451F6278F4195001D1CD3 = {
						CreatedOnToolsVersion = 13.1;
					};
				};
			};
			buildConfigurationList = 04B451F2278F4195001D1CD3 /* Build configuration list for PBXProject "NPB" */;
			compatibilityVersion = "Xcode 13.0";
			developmentRegion = en;
			hasScannedForEncodings = 0;
			knownRegions = (
				en,
				Base,
			);
			mainGroup = 04B451EE278F4195001D1CD3;
			productRefGroup = 04B451F8278F4195001D1CD3 /* Products */;
			projectDirPath = "";
			projectRoot = "";
			targets = (
				04B451F6278F4195001D1CD3 /* NPB */,
			);
		};
/* End PBXProject section */

/* Begin PBXResourcesBuildPhase section */
		04B451F5278F4195001D1CD3 /* Resources */ = {
			isa = PBXResourcesBuildPhase;
			buildActionMask = 2147483647;
			files = (
				04B45207278F4196001D1CD3 /* LaunchScreen.storyboard in Resources */,
				04B45204278F4196001D1CD3 /* Assets.xcassets in Resources */,
				04B45202278F4195001D1CD3 /* Main.storyboard in Resources */,
			);
			runOnlyForDeploymentPostprocessing = 0;
		};
/* End PBXResourcesBuildPhase section */

/* Begin PBXShellScriptBuildPhase section */
		CE574228461914F1B9C9F5BE /* [CP] Check Pods Manifest.lock */ = {
			isa = PBXShellScriptBuildPhase;
			buildActionMask = 2147483647;
			files = (
			);
			inputFileListPaths = (
			);
			inputPaths = (
				"${PODS_PODFILE_DIR_PATH}/Podfile.lock",
				"${PODS_ROOT}/Manifest.lock",
			);
			name = "[CP] Check Pods Manifest.lock";
			outputFileListPaths = (
			);
			outputPaths = (
				"$(DERIVED_FILE_DIR)/Pods-NPB-checkManifestLockResult.txt",
			);
			runOnlyForDeploymentPostprocessing = 0;
			shellPath = /bin/sh;
			shellScript = "diff \"${PODS_PODFILE_DIR_PATH}/Podfile.lock\" \"${PODS_ROOT}/Manifest.lock\" > /dev/null\nif [ $? != 0 ] ; then\n    # print error to STDERR\n    echo \"error: The sandbox is not in sync with the Podfile.lock. Run 'pod install' or update your CocoaPods installation.\" >&2\n    exit 1\nfi\n# This output is used by Xcode 'outputs' to avoid re-running this script phase.\necho \"SUCCESS\" > \"${SCRIPT_OUTPUT_FILE_0}\"\n";
			showEnvVarsInLog = 0;
		};
		E7BB9EB50B41F86F89FFE8ED /* [CP] Embed Pods Frameworks */ = {
			isa = PBXShellScriptBuildPhase;
			buildActionMask = 2147483647;
			files = (
			);
			inputFileListPaths = (
				"${PODS_ROOT}/Target Support Files/Pods-NPB/Pods-NPB-frameworks-${CONFIGURATION}-input-files.xcfilelist",
			);
			name = "[CP] Embed Pods Frameworks";
			outputFileListPaths = (
				"${PODS_ROOT}/Target Support Files/Pods-NPB/Pods-NPB-frameworks-${CONFIGURATION}-output-files.xcfilelist",
			);
			runOnlyForDeploymentPostprocessing = 0;
			shellPath = /bin/sh;
			shellScript = "\"${PODS_ROOT}/Target Support Files/Pods-NPB/Pods-NPB-frameworks.sh\"\n";
			showEnvVarsInLog = 0;
		};
/* End PBXShellScriptBuildPhase section */

/* Begin PBXSourcesBuildPhase section */
		04B451F3278F4195001D1CD3 /* Sources */ = {
			isa = PBXSourcesBuildPhase;
			buildActionMask = 2147483647;
			files = (
				046CF9152792FD6700D004F9 /* DetailTableViewCell.swift in Sources */,
				0471B9EF279461C100DB91EC /* Constants.swift in Sources */,
				04B451FF278F4195001D1CD3 /* ViewController.swift in Sources */,
				04C07E882794A3250081C8ED /* CurrencyDetailViewControllerView.swift in Sources */,
				04B451FB278F4195001D1CD3 /* AppDelegate.swift in Sources */,
				04FF343327921C48003EED5E /* AllertCreator.swift in Sources */,
				04B451FD278F4195001D1CD3 /* SceneDelegate.swift in Sources */,
				04B4520F278F4788001D1CD3 /* APICaller.swift in Sources */,
				04C07E8C2794A57B0081C8ED /* CurrencyDetailViewControllerErrors.swift in Sources */,
				04C07E862794A0290081C8ED /* CurrencyTableViewCellView.swift in Sources */,
				04C07E8A2794A4AF0081C8ED /* DateHelpers.swift in Sources */,
				0413878527903C1B00D5A3C7 /* CurrencyDetailViewController.swift in Sources */,
				0471B9ED27945E2D00DB91EC /* ViewControllerView.swift in Sources */,
				047CAF8327902FEC00B8DB60 /* CurrencyTableViewCell.swift in Sources */,
				04B45212278F49E3001D1CD3 /* Models.swift in Sources */,
			);
			runOnlyForDeploymentPostprocessing = 0;
		};
/* End PBXSourcesBuildPhase section */

/* Begin PBXVariantGroup section */
		04B45200278F4195001D1CD3 /* Main.storyboard */ = {
			isa = PBXVariantGroup;
			children = (
				04B45201278F4195001D1CD3 /* Base */,
			);
			name = Main.storyboard;
			sourceTree = "<group>";
		};
		04B45205278F4196001D1CD3 /* LaunchScreen.storyboard */ = {
			isa = PBXVariantGroup;
			children = (
				04B45206278F4196001D1CD3 /* Base */,
			);
			name = LaunchScreen.storyboard;
			sourceTree = "<group>";
		};
/* End PBXVariantGroup section */

/* Begin XCBuildConfiguration section */
		04B45209278F4196001D1CD3 /* Debug */ = {
			isa = XCBuildConfiguration;
			buildSettings = {
				ALWAYS_SEARCH_USER_PATHS = NO;
				CLANG_ANALYZER_NONNULL = YES;
				CLANG_ANALYZER_NUMBER_OBJECT_CONVERSION = YES_AGGRESSIVE;
				CLANG_CXX_LANGUAGE_STANDARD = "gnu++17";
				CLANG_CXX_LIBRARY = "libc++";
				CLANG_ENABLE_MODULES = YES;
				CLANG_ENABLE_OBJC_ARC = YES;
				CLANG_ENABLE_OBJC_WEAK = YES;
				CLANG_WARN_BLOCK_CAPTURE_AUTORELEASING = YES;
				CLANG_WARN_BOOL_CONVERSION = YES;
				CLANG_WARN_COMMA = YES;
				CLANG_WARN_CONSTANT_CONVERSION = YES;
				CLANG_WARN_DEPRECATED_OBJC_IMPLEMENTATIONS = YES;
				CLANG_WARN_DIRECT_OBJC_ISA_USAGE = YES_ERROR;
				CLANG_WARN_DOCUMENTATION_COMMENTS = YES;
				CLANG_WARN_EMPTY_BODY = YES;
				CLANG_WARN_ENUM_CONVERSION = YES;
				CLANG_WARN_INFINITE_RECURSION = YES;
				CLANG_WARN_INT_CONVERSION = YES;
				CLANG_WARN_NON_LITERAL_NULL_CONVERSION = YES;
				CLANG_WARN_OBJC_IMPLICIT_RETAIN_SELF = YES;
				CLANG_WARN_OBJC_LITERAL_CONVERSION = YES;
				CLANG_WARN_OBJC_ROOT_CLASS = YES_ERROR;
				CLANG_WARN_QUOTED_INCLUDE_IN_FRAMEWORK_HEADER = YES;
				CLANG_WARN_RANGE_LOOP_ANALYSIS = YES;
				CLANG_WARN_STRICT_PROTOTYPES = YES;
				CLANG_WARN_SUSPICIOUS_MOVE = YES;
				CLANG_WARN_UNGUARDED_AVAILABILITY = YES_AGGRESSIVE;
				CLANG_WARN_UNREACHABLE_CODE = YES;
				CLANG_WARN__DUPLICATE_METHOD_MATCH = YES;
				COPY_PHASE_STRIP = NO;
				DEBUG_INFORMATION_FORMAT = dwarf;
				ENABLE_STRICT_OBJC_MSGSEND = YES;
				ENABLE_TESTABILITY = YES;
				GCC_C_LANGUAGE_STANDARD = gnu11;
				GCC_DYNAMIC_NO_PIC = NO;
				GCC_NO_COMMON_BLOCKS = YES;
				GCC_OPTIMIZATION_LEVEL = 0;
				GCC_PREPROCESSOR_DEFINITIONS = (
					"DEBUG=1",
					"$(inherited)",
				);
				GCC_WARN_64_TO_32_BIT_CONVERSION = YES;
				GCC_WARN_ABOUT_RETURN_TYPE = YES_ERROR;
				GCC_WARN_UNDECLARED_SELECTOR = YES;
				GCC_WARN_UNINITIALIZED_AUTOS = YES_AGGRESSIVE;
				GCC_WARN_UNUSED_FUNCTION = YES;
				GCC_WARN_UNUSED_VARIABLE = YES;
				IPHONEOS_DEPLOYMENT_TARGET = 15.0;
				MTL_ENABLE_DEBUG_INFO = INCLUDE_SOURCE;
				MTL_FAST_MATH = YES;
				ONLY_ACTIVE_ARCH = YES;
				SDKROOT = iphoneos;
				SWIFT_ACTIVE_COMPILATION_CONDITIONS = DEBUG;
				SWIFT_OPTIMIZATION_LEVEL = "-Onone";
			};
			name = Debug;
		};
		04B4520A278F4196001D1CD3 /* Release */ = {
			isa = XCBuildConfiguration;
			buildSettings = {
				ALWAYS_SEARCH_USER_PATHS = NO;
				CLANG_ANALYZER_NONNULL = YES;
				CLANG_ANALYZER_NUMBER_OBJECT_CONVERSION = YES_AGGRESSIVE;
				CLANG_CXX_LANGUAGE_STANDARD = "gnu++17";
				CLANG_CXX_LIBRARY = "libc++";
				CLANG_ENABLE_MODULES = YES;
				CLANG_ENABLE_OBJC_ARC = YES;
				CLANG_ENABLE_OBJC_WEAK = YES;
				CLANG_WARN_BLOCK_CAPTURE_AUTORELEASING = YES;
				CLANG_WARN_BOOL_CONVERSION = YES;
				CLANG_WARN_COMMA = YES;
				CLANG_WARN_CONSTANT_CONVERSION = YES;
				CLANG_WARN_DEPRECATED_OBJC_IMPLEMENTATIONS = YES;
				CLANG_WARN_DIRECT_OBJC_ISA_USAGE = YES_ERROR;
				CLANG_WARN_DOCUMENTATION_COMMENTS = YES;
				CLANG_WARN_EMPTY_BODY = YES;
				CLANG_WARN_ENUM_CONVERSION = YES;
				CLANG_WARN_INFINITE_RECURSION = YES;
				CLANG_WARN_INT_CONVERSION = YES;
				CLANG_WARN_NON_LITERAL_NULL_CONVERSION = YES;
				CLANG_WARN_OBJC_IMPLICIT_RETAIN_SELF = YES;
				CLANG_WARN_OBJC_LITERAL_CONVERSION = YES;
				CLANG_WARN_OBJC_ROOT_CLASS = YES_ERROR;
				CLANG_WARN_QUOTED_INCLUDE_IN_FRAMEWORK_HEADER = YES;
				CLANG_WARN_RANGE_LOOP_ANALYSIS = YES;
				CLANG_WARN_STRICT_PROTOTYPES = YES;
				CLANG_WARN_SUSPICIOUS_MOVE = YES;
				CLANG_WARN_UNGUARDED_AVAILABILITY = YES_AGGRESSIVE;
				CLANG_WARN_UNREACHABLE_CODE = YES;
				CLANG_WARN__DUPLICATE_METHOD_MATCH = YES;
				COPY_PHASE_STRIP = NO;
				DEBUG_INFORMATION_FORMAT = "dwarf-with-dsym";
				ENABLE_NS_ASSERTIONS = NO;
				ENABLE_STRICT_OBJC_MSGSEND = YES;
				GCC_C_LANGUAGE_STANDARD = gnu11;
				GCC_NO_COMMON_BLOCKS = YES;
				GCC_WARN_64_TO_32_BIT_CONVERSION = YES;
				GCC_WARN_ABOUT_RETURN_TYPE = YES_ERROR;
				GCC_WARN_UNDECLARED_SELECTOR = YES;
				GCC_WARN_UNINITIALIZED_AUTOS = YES_AGGRESSIVE;
				GCC_WARN_UNUSED_FUNCTION = YES;
				GCC_WARN_UNUSED_VARIABLE = YES;
				IPHONEOS_DEPLOYMENT_TARGET = 15.0;
				MTL_ENABLE_DEBUG_INFO = NO;
				MTL_FAST_MATH = YES;
				SDKROOT = iphoneos;
				SWIFT_COMPILATION_MODE = wholemodule;
				SWIFT_OPTIMIZATION_LEVEL = "-O";
				VALIDATE_PRODUCT = YES;
			};
			name = Release;
		};
		04B4520C278F4196001D1CD3 /* Debug */ = {
			isa = XCBuildConfiguration;
			baseConfigurationReference = 1330046AF07EFC112F4A85CF /* Pods-NPB.debug.xcconfig */;
			buildSettings = {
				ASSETCATALOG_COMPILER_APPICON_NAME = AppIcon;
				ASSETCATALOG_COMPILER_GLOBAL_ACCENT_COLOR_NAME = AccentColor;
				CODE_SIGN_STYLE = Automatic;
				CURRENT_PROJECT_VERSION = 1;
				DEVELOPMENT_TEAM = 4ZCX8DFXBW;
				GENERATE_INFOPLIST_FILE = YES;
				INFOPLIST_FILE = NPB/Info.plist;
				INFOPLIST_KEY_UIApplicationSupportsIndirectInputEvents = YES;
				INFOPLIST_KEY_UILaunchStoryboardName = LaunchScreen;
				INFOPLIST_KEY_UIMainStoryboardFile = Main;
				INFOPLIST_KEY_UISupportedInterfaceOrientations_iPad = "UIInterfaceOrientationPortrait UIInterfaceOrientationPortraitUpsideDown UIInterfaceOrientationLandscapeLeft UIInterfaceOrientationLandscapeRight";
				INFOPLIST_KEY_UISupportedInterfaceOrientations_iPhone = "UIInterfaceOrientationPortrait UIInterfaceOrientationLandscapeLeft UIInterfaceOrientationLandscapeRight";
				LD_RUNPATH_SEARCH_PATHS = (
					"$(inherited)",
					"@executable_path/Frameworks",
				);
				MARKETING_VERSION = 1.0;
				PRODUCT_BUNDLE_IDENTIFIER = com.pawelbrzozowski.NPB;
				PRODUCT_NAME = "$(TARGET_NAME)";
				SWIFT_EMIT_LOC_STRINGS = YES;
				SWIFT_VERSION = 5.0;
				TARGETED_DEVICE_FAMILY = "1,2";
			};
			name = Debug;
		};
		04B4520D278F4196001D1CD3 /* Release */ = {
			isa = XCBuildConfiguration;
			baseConfigurationReference = E6952D7F84D0CF70301EF855 /* Pods-NPB.release.xcconfig */;
			buildSettings = {
				ASSETCATALOG_COMPILER_APPICON_NAME = AppIcon;
				ASSETCATALOG_COMPILER_GLOBAL_ACCENT_COLOR_NAME = AccentColor;
				CODE_SIGN_STYLE = Automatic;
				CURRENT_PROJECT_VERSION = 1;
				DEVELOPMENT_TEAM = 4ZCX8DFXBW;
				GENERATE_INFOPLIST_FILE = YES;
				INFOPLIST_FILE = NPB/Info.plist;
				INFOPLIST_KEY_UIApplicationSupportsIndirectInputEvents = YES;
				INFOPLIST_KEY_UILaunchStoryboardName = LaunchScreen;
				INFOPLIST_KEY_UIMainStoryboardFile = Main;
				INFOPLIST_KEY_UISupportedInterfaceOrientations_iPad = "UIInterfaceOrientationPortrait UIInterfaceOrientationPortraitUpsideDown UIInterfaceOrientationLandscapeLeft UIInterfaceOrientationLandscapeRight";
				INFOPLIST_KEY_UISupportedInterfaceOrientations_iPhone = "UIInterfaceOrientationPortrait UIInterfaceOrientationLandscapeLeft UIInterfaceOrientationLandscapeRight";
				LD_RUNPATH_SEARCH_PATHS = (
					"$(inherited)",
					"@executable_path/Frameworks",
				);
				MARKETING_VERSION = 1.0;
				PRODUCT_BUNDLE_IDENTIFIER = com.pawelbrzozowski.NPB;
				PRODUCT_NAME = "$(TARGET_NAME)";
				SWIFT_EMIT_LOC_STRINGS = YES;
				SWIFT_VERSION = 5.0;
				TARGETED_DEVICE_FAMILY = "1,2";
			};
			name = Release;
		};
/* End XCBuildConfiguration section */

/* Begin XCConfigurationList section */
		04B451F2278F4195001D1CD3 /* Build configuration list for PBXProject "NPB" */ = {
			isa = XCConfigurationList;
			buildConfigurations = (
				04B45209278F4196001D1CD3 /* Debug */,
				04B4520A278F4196001D1CD3 /* Release */,
			);
			defaultConfigurationIsVisible = 0;
			defaultConfigurationName = Release;
		};
		04B4520B278F4196001D1CD3 /* Build configuration list for PBXNativeTarget "NPB" */ = {
			isa = XCConfigurationList;
			buildConfigurations = (
				04B4520C278F4196001D1CD3 /* Debug */,
				04B4520D278F4196001D1CD3 /* Release */,
			);
			defaultConfigurationIsVisible = 0;
			defaultConfigurationName = Release;
		};
/* End XCConfigurationList section */
	};
	rootObject = 04B451EF278F4195001D1CD3 /* Project object */;
}
